// !$*UTF8*$!
{
	archiveVersion = 1;
	classes = {
	};
	objectVersion = 46;
	objects = {

/* Begin PBXBuildFile section */
		5E025E261CFEA7A5007007A6 /* AppDelegate.swift in Sources */ = {isa = PBXBuildFile; fileRef = 5E025E251CFEA7A5007007A6 /* AppDelegate.swift */; };
		5E025E281CFEA7A5007007A6 /* ViewController.swift in Sources */ = {isa = PBXBuildFile; fileRef = 5E025E271CFEA7A5007007A6 /* ViewController.swift */; };
		5E025E2B1CFEA7A5007007A6 /* Main.storyboard in Resources */ = {isa = PBXBuildFile; fileRef = 5E025E291CFEA7A5007007A6 /* Main.storyboard */; };
		5E025E2D1CFEA7A5007007A6 /* Assets.xcassets in Resources */ = {isa = PBXBuildFile; fileRef = 5E025E2C1CFEA7A5007007A6 /* Assets.xcassets */; };
		5E025E301CFEA7A5007007A6 /* LaunchScreen.storyboard in Resources */ = {isa = PBXBuildFile; fileRef = 5E025E2E1CFEA7A5007007A6 /* LaunchScreen.storyboard */; };
		5E025E381CFEA7BB007007A6 /* GoogleMobileAds.framework in Frameworks */ = {isa = PBXBuildFile; fileRef = 5E025E371CFEA7BB007007A6 /* GoogleMobileAds.framework */; };
/* End PBXBuildFile section */

/* Begin PBXFileReference section */
		5E025E221CFEA7A5007007A6 /* Project3iADTest.app */ = {isa = PBXFileReference; explicitFileType = wrapper.application; includeInIndex = 0; path = Project3iADTest.app; sourceTree = BUILT_PRODUCTS_DIR; };
		5E025E251CFEA7A5007007A6 /* AppDelegate.swift */ = {isa = PBXFileReference; lastKnownFileType = sourcecode.swift; path = AppDelegate.swift; sourceTree = "<group>"; };
		5E025E271CFEA7A5007007A6 /* ViewController.swift */ = {isa = PBXFileReference; lastKnownFileType = sourcecode.swift; path = ViewController.swift; sourceTree = "<group>"; };
		5E025E2A1CFEA7A5007007A6 /* Base */ = {isa = PBXFileReference; lastKnownFileType = file.storyboard; name = Base; path = Base.lproj/Main.storyboard; sourceTree = "<group>"; };
		5E025E2C1CFEA7A5007007A6 /* Assets.xcassets */ = {isa = PBXFileReference; lastKnownFileType = folder.assetcatalog; path = Assets.xcassets; sourceTree = "<group>"; };
		5E025E2F1CFEA7A5007007A6 /* Base */ = {isa = PBXFileReference; lastKnownFileType = file.storyboard; name = Base; path = Base.lproj/LaunchScreen.storyboard; sourceTree = "<group>"; };
		5E025E311CFEA7A5007007A6 /* Info.plist */ = {isa = PBXFileReference; lastKnownFileType = text.plist.xml; path = Info.plist; sourceTree = "<group>"; };
		5E025E371CFEA7BB007007A6 /* GoogleMobileAds.framework */ = {isa = PBXFileReference; lastKnownFileType = wrapper.framework; path = GoogleMobileAds.framework; sourceTree = "<group>"; };
/* End PBXFileReference section */

/* Begin PBXFrameworksBuildPhase section */
		5E025E1F1CFEA7A5007007A6 /* Frameworks */ = {
			isa = PBXFrameworksBuildPhase;
			buildActionMask = 2147483647;
			files = (
				5E025E381CFEA7BB007007A6 /* GoogleMobileAds.framework in Frameworks */,
			);
			runOnlyForDeploymentPostprocessing = 0;
		};
/* End PBXFrameworksBuildPhase section */

/* Begin PBXGroup section */
		5E025E191CFEA7A4007007A6 = {
			isa = PBXGroup;
			children = (
				5E025E371CFEA7BB007007A6 /* GoogleMobileAds.framework */,
				5E025E241CFEA7A5007007A6 /* Project3iADTest */,
				5E025E231CFEA7A5007007A6 /* Products */,
			);
			sourceTree = "<group>";
		};
		5E025E231CFEA7A5007007A6 /* Products */ = {
			isa = PBXGroup;
			children = (
				5E025E221CFEA7A5007007A6 /* Project3iADTest.app */,
			);
			name = Products;
			sourceTree = "<group>";
		};
		5E025E241CFEA7A5007007A6 /* Project3iADTest */ = {
			isa = PBXGroup;
			children = (
				5E025E251CFEA7A5007007A6 /* AppDelegate.swift */,
				5E025E271CFEA7A5007007A6 /* ViewController.swift */,
				5E025E291CFEA7A5007007A6 /* Main.storyboard */,
				5E025E2C1CFEA7A5007007A6 /* Assets.xcassets */,
				5E025E2E1CFEA7A5007007A6 /* LaunchScreen.storyboard */,
				5E025E311CFEA7A5007007A6 /* Info.plist */,
			);
			path = Project3iADTest;
			sourceTree = "<group>";
		};
/* End PBXGroup section */

/* Begin PBXNativeTarget section */
		5E025E211CFEA7A5007007A6 /* Project3iADTest */ = {
			isa = PBXNativeTarget;
			buildConfigurationList = 5E025E341CFEA7A5007007A6 /* Build configuration list for PBXNativeTarget "Project3iADTest" */;
			buildPhases = (
				5E025E1E1CFEA7A5007007A6 /* Sources */,
				5E025E1F1CFEA7A5007007A6 /* Frameworks */,
				5E025E201CFEA7A5007007A6 /* Resources */,
			);
			buildRules = (
			);
			dependencies = (
			);
			name = Project3iADTest;
			productName = Project3iADTest;
			productReference = 5E025E221CFEA7A5007007A6 /* Project3iADTest.app */;
			productType = "com.apple.product-type.application";
		};
/* End PBXNativeTarget section */

/* Begin PBXProject section */
		5E025E1A1CFEA7A4007007A6 /* Project object */ = {
			isa = PBXProject;
			attributes = {
				LastSwiftUpdateCheck = 0730;
				LastUpgradeCheck = 0730;
				ORGANIZATIONNAME = KaoDragon;
				TargetAttributes = {
					5E025E211CFEA7A5007007A6 = {
						CreatedOnToolsVersion = 7.3;
					};
				};
			};
			buildConfigurationList = 5E025E1D1CFEA7A4007007A6 /* Build configuration list for PBXProject "Project3iADTest" */;
			compatibilityVersion = "Xcode 3.2";
			developmentRegion = English;
			hasScannedForEncodings = 0;
			knownRegions = (
				en,
				Base,
			);
			mainGroup = 5E025E191CFEA7A4007007A6;
			productRefGroup = 5E025E231CFEA7A5007007A6 /* Products */;
			projectDirPath = "";
			projectRoot = "";
			targets = (
				5E025E211CFEA7A5007007A6 /* Project3iADTest */,
			);
		};
/* End PBXProject section */

/* Begin PBXResourcesBuildPhase section */
		5E025E201CFEA7A5007007A6 /* Resources */ = {
			isa = PBXResourcesBuildPhase;
			buildActionMask = 2147483647;
			files = (
				5E025E301CFEA7A5007007A6 /* LaunchScreen.storyboard in Resources */,
				5E025E2D1CFEA7A5007007A6 /* Assets.xcassets in Resources */,
				5E025E2B1CFEA7A5007007A6 /* Main.storyboard in Resources */,
			);
			runOnlyForDeploymentPostprocessing = 0;
		};
/* End PBXResourcesBuildPhase section */

/* Begin PBXSourcesBuildPhase section */
		5E025E1E1CFEA7A5007007A6 /* Sources */ = {
			isa = PBXSourcesBuildPhase;
			buildActionMask = 2147483647;
			files = (
				5E025E281CFEA7A5007007A6 /* ViewController.swift in Sources */,
				5E025E261CFEA7A5007007A6 /* AppDelegate.swift in Sources */,
			);
			runOnlyForDeploymentPostprocessing = 0;
		};
/* End PBXSourcesBuildPhase section */

/* Begin PBXVariantGroup section */
		5E025E291CFEA7A5007007A6 /* Main.storyboard */ = {
			isa = PBXVariantGroup;
			children = (
				5E025E2A1CFEA7A5007007A6 /* Base */,
			);
			name = Main.storyboard;
			sourceTree = "<group>";
		};
		5E025E2E1CFEA7A5007007A6 /* LaunchScreen.storyboard */ = {
			isa = PBXVariantGroup;
			children = (
				5E025E2F1CFEA7A5007007A6 /* Base */,
			);
			name = LaunchScreen.storyboard;
			sourceTree = "<group>";
		};
/* End PBXVariantGroup section */

/* Begin XCBuildConfiguration section */
		5E025E321CFEA7A5007007A6 /* Debug */ = {
			isa = XCBuildConfiguration;
			buildSettings = {
				ALWAYS_SEARCH_USER_PATHS = NO;
				CLANG_ANALYZER_NONNULL = YES;
				CLANG_CXX_LANGUAGE_STANDARD = "gnu++0x";
				CLANG_CXX_LIBRARY = "libc++";
				CLANG_ENABLE_MODULES = YES;
				CLANG_ENABLE_OBJC_ARC = YES;
				CLANG_WARN_BOOL_CONVERSION = YES;
				CLANG_WARN_CONSTANT_CONVERSION = YES;
				CLANG_WARN_DIRECT_OBJC_ISA_USAGE = YES_ERROR;
				CLANG_WARN_EMPTY_BODY = YES;
				CLANG_WARN_ENUM_CONVERSION = YES;
				CLANG_WARN_INT_CONVERSION = YES;
				CLANG_WARN_OBJC_ROOT_CLASS = YES_ERROR;
				CLANG_WARN_UNREACHABLE_CODE = YES;
				CLANG_WARN__DUPLICATE_METHOD_MATCH = YES;
				"CODE_SIGN_IDENTITY[sdk=iphoneos*]" = "iPhone Developer";
				COPY_PHASE_STRIP = NO;
				DEBUG_INFORMATION_FORMAT = dwarf;
				ENABLE_STRICT_OBJC_MSGSEND = YES;
				ENABLE_TESTABILITY = YES;
				GCC_C_LANGUAGE_STANDARD = gnu99;
				GCC_DYNAMIC_NO_PIC = NO;
				GCC_NO_COMMON_BLOCKS = YES;
				GCC_OPTIMIZATION_LEVEL = 0;
				GCC_PREPROCESSOR_DEFINITIONS = (
					"DEBUG=1",
					"$(inherited)",
				);
				GCC_WARN_64_TO_32_BIT_CONVERSION = YES;
				GCC_WARN_ABOUT_RETURN_TYPE = YES_ERROR;
				GCC_WARN_UNDECLARED_SELECTOR = YES;
				GCC_WARN_UNINITIALIZED_AUTOS = YES_AGGRESSIVE;
				GCC_WARN_UNUSED_FUNCTION = YES;
				GCC_WARN_UNUSED_VARIABLE = YES;
				IPHONEOS_DEPLOYMENT_TARGET = 9.3;
				MTL_ENABLE_DEBUG_INFO = YES;
				ONLY_ACTIVE_ARCH = YES;
				SDKROOT = iphoneos;
				SWIFT_OPTIMIZATION_LEVEL = "-Onone";
				TARGETED_DEVICE_FAMILY = "1,2";
			};
			name = Debug;
		};
		5E025E331CFEA7A5007007A6 /* Release */ = {
			isa = XCBuildConfiguration;
			buildSettings = {
				ALWAYS_SEARCH_USER_PATHS = NO;
				CLANG_ANALYZER_NONNULL = YES;
				CLANG_CXX_LANGUAGE_STANDARD = "gnu++0x";
				CLANG_CXX_LIBRARY = "libc++";
				CLANG_ENABLE_MODULES = YES;
				CLANG_ENABLE_OBJC_ARC = YES;
				CLANG_WARN_BOOL_CONVERSION = YES;
				CLANG_WARN_CONSTANT_CONVERSION = YES;
				CLANG_WARN_DIRECT_OBJC_ISA_USAGE = YES_ERROR;
				CLANG_WARN_EMPTY_BODY = YES;
				CLANG_WARN_ENUM_CONVERSION = YES;
				CLANG_WARN_INT_CONVERSION = YES;
				CLANG_WARN_OBJC_ROOT_CLASS = YES_ERROR;
				CLANG_WARN_UNREACHABLE_CODE = YES;
				CLANG_WARN__DUPLICATE_METHOD_MATCH = YES;
				"CODE_SIGN_IDENTITY[sdk=iphoneos*]" = "iPhone Developer";
				COPY_PHASE_STRIP = NO;
				DEBUG_INFORMATION_FORMAT = "dwarf-with-dsym";
				ENABLE_NS_ASSERTIONS = NO;
				ENABLE_STRICT_OBJC_MSGSEND = YES;
				GCC_C_LANGUAGE_STANDARD = gnu99;
				GCC_NO_COMMON_BLOCKS = YES;
				GCC_WARN_64_TO_32_BIT_CONVERSION = YES;
				GCC_WARN_ABOUT_RETURN_TYPE = YES_ERROR;
				GCC_WARN_UNDECLARED_SELECTOR = YES;
				GCC_WARN_UNINITIALIZED_AUTOS = YES_AGGRESSIVE;
				GCC_WARN_UNUSED_FUNCTION = YES;
				GCC_WARN_UNUSED_VARIABLE = YES;
				IPHONEOS_DEPLOYMENT_TARGET = 9.3;
				MTL_ENABLE_DEBUG_INFO = NO;
				SDKROOT = iphoneos;
				TARGETED_DEVICE_FAMILY = "1,2";
				VALIDATE_PRODUCT = YES;
			};
			name = Release;
		};
		5E025E351CFEA7A5007007A6 /* Debug */ = {
			isa = XCBuildConfiguration;
			buildSettings = {
				ASSETCATALOG_COMPILER_APPICON_NAME = AppIcon;
				FRAMEWORK_SEARCH_PATHS = (
					"$(inherited)",
					"$(PROJECT_DIR)",
				);
				INFOPLIST_FILE = Project3iADTest/Info.plist;
				LD_RUNPATH_SEARCH_PATHS = "$(inherited) @executable_path/Frameworks";
				PRODUCT_BUNDLE_IDENTIFIER = com.gmail.dkao1222.Project3iADTest;
				PRODUCT_NAME = "$(TARGET_NAME)";
			};
			name = Debug;
		};
		5E025E361CFEA7A5007007A6 /* Release */ = {
			isa = XCBuildConfiguration;
			buildSettings = {
				ASSETCATALOG_COMPILER_APPICON_NAME = AppIcon;
				FRAMEWORK_SEARCH_PATHS = (
					"$(inherited)",
					"$(PROJECT_DIR)",
				);
				INFOPLIST_FILE = Project3iADTest/Info.plist;
				LD_RUNPATH_SEARCH_PATHS = "$(inherited) @executable_path/Frameworks";
				PRODUCT_BUNDLE_IDENTIFIER = com.gmail.dkao1222.Project3iADTest;
				PRODUCT_NAME = "$(TARGET_NAME)";
			};
			name = Release;
		};
/* End XCBuildConfiguration section */

/* Begin XCConfigurationList section */
		5E025E1D1CFEA7A4007007A6 /* Build configuration list for PBXProject "Project3iADTest" */ = {
			isa = XCConfigurationList;
			buildConfigurations = (
				5E025E321CFEA7A5007007A6 /* Debug */,
				5E025E331CFEA7A5007007A6 /* Release */,
			);
			defaultConfigurationIsVisible = 0;
			defaultConfigurationName = Release;
		};
		5E025E341CFEA7A5007007A6 /* Build configuration list for PBXNativeTarget "Project3iADTest" */ = {
			isa = XCConfigurationList;
			buildConfigurations = (
				5E025E351CFEA7A5007007A6 /* Debug */,
				5E025E361CFEA7A5007007A6 /* Release */,
			);
			defaultConfigurationIsVisible = 0;
		};
/* End XCConfigurationList section */
	};
	rootObject = 5E025E1A1CFEA7A4007007A6 /* Project object */;
}
