// !$*UTF8*$!
{
	archiveVersion = 1;
	classes = {
	};
	objectVersion = 46;
	objects = {

/* Begin PBXBuildFile section */
		5EDB9E291CF4A2CB00C4D43C /* AppDelegate.swift in Sources */ = {isa = PBXBuildFile; fileRef = 5EDB9E281CF4A2CB00C4D43C /* AppDelegate.swift */; };
		5EDB9E2B1CF4A2CB00C4D43C /* ViewController.swift in Sources */ = {isa = PBXBuildFile; fileRef = 5EDB9E2A1CF4A2CB00C4D43C /* ViewController.swift */; };
		5EDB9E2E1CF4A2CB00C4D43C /* Main.storyboard in Resources */ = {isa = PBXBuildFile; fileRef = 5EDB9E2C1CF4A2CB00C4D43C /* Main.storyboard */; };
		5EDB9E301CF4A2CB00C4D43C /* Assets.xcassets in Resources */ = {isa = PBXBuildFile; fileRef = 5EDB9E2F1CF4A2CB00C4D43C /* Assets.xcassets */; };
		5EDB9E331CF4A2CB00C4D43C /* LaunchScreen.storyboard in Resources */ = {isa = PBXBuildFile; fileRef = 5EDB9E311CF4A2CB00C4D43C /* LaunchScreen.storyboard */; };
/* End PBXBuildFile section */

/* Begin PBXFileReference section */
		5EDB9E251CF4A2CB00C4D43C /* Project1TapCounter.app */ = {isa = PBXFileReference; explicitFileType = wrapper.application; includeInIndex = 0; path = Project1TapCounter.app; sourceTree = BUILT_PRODUCTS_DIR; };
		5EDB9E281CF4A2CB00C4D43C /* AppDelegate.swift */ = {isa = PBXFileReference; lastKnownFileType = sourcecode.swift; path = AppDelegate.swift; sourceTree = "<group>"; };
		5EDB9E2A1CF4A2CB00C4D43C /* ViewController.swift */ = {isa = PBXFileReference; lastKnownFileType = sourcecode.swift; path = ViewController.swift; sourceTree = "<group>"; };
		5EDB9E2D1CF4A2CB00C4D43C /* Base */ = {isa = PBXFileReference; lastKnownFileType = file.storyboard; name = Base; path = Base.lproj/Main.storyboard; sourceTree = "<group>"; };
		5EDB9E2F1CF4A2CB00C4D43C /* Assets.xcassets */ = {isa = PBXFileReference; lastKnownFileType = folder.assetcatalog; path = Assets.xcassets; sourceTree = "<group>"; };
		5EDB9E321CF4A2CB00C4D43C /* Base */ = {isa = PBXFileReference; lastKnownFileType = file.storyboard; name = Base; path = Base.lproj/LaunchScreen.storyboard; sourceTree = "<group>"; };
		5EDB9E341CF4A2CB00C4D43C /* Info.plist */ = {isa = PBXFileReference; lastKnownFileType = text.plist.xml; path = Info.plist; sourceTree = "<group>"; };
/* End PBXFileReference section */

/* Begin PBXFrameworksBuildPhase section */
		5EDB9E221CF4A2CB00C4D43C /* Frameworks */ = {
			isa = PBXFrameworksBuildPhase;
			buildActionMask = 2147483647;
			files = (
			);
			runOnlyForDeploymentPostprocessing = 0;
		};
/* End PBXFrameworksBuildPhase section */

/* Begin PBXGroup section */
		5EDB9E1C1CF4A2CB00C4D43C = {
			isa = PBXGroup;
			children = (
				5EDB9E271CF4A2CB00C4D43C /* Project1TapCounter */,
				5EDB9E261CF4A2CB00C4D43C /* Products */,
			);
			sourceTree = "<group>";
		};
		5EDB9E261CF4A2CB00C4D43C /* Products */ = {
			isa = PBXGroup;
			children = (
				5EDB9E251CF4A2CB00C4D43C /* Project1TapCounter.app */,
			);
			name = Products;
			sourceTree = "<group>";
		};
		5EDB9E271CF4A2CB00C4D43C /* Project1TapCounter */ = {
			isa = PBXGroup;
			children = (
				5EDB9E281CF4A2CB00C4D43C /* AppDelegate.swift */,
				5EDB9E2A1CF4A2CB00C4D43C /* ViewController.swift */,
				5EDB9E2C1CF4A2CB00C4D43C /* Main.storyboard */,
				5EDB9E2F1CF4A2CB00C4D43C /* Assets.xcassets */,
				5EDB9E311CF4A2CB00C4D43C /* LaunchScreen.storyboard */,
				5EDB9E341CF4A2CB00C4D43C /* Info.plist */,
			);
			path = Project1TapCounter;
			sourceTree = "<group>";
		};
/* End PBXGroup section */

/* Begin PBXNativeTarget section */
		5EDB9E241CF4A2CB00C4D43C /* Project1TapCounter */ = {
			isa = PBXNativeTarget;
			buildConfigurationList = 5EDB9E371CF4A2CB00C4D43C /* Build configuration list for PBXNativeTarget "Project1TapCounter" */;
			buildPhases = (
				5EDB9E211CF4A2CB00C4D43C /* Sources */,
				5EDB9E221CF4A2CB00C4D43C /* Frameworks */,
				5EDB9E231CF4A2CB00C4D43C /* Resources */,
			);
			buildRules = (
			);
			dependencies = (
			);
			name = Project1TapCounter;
			productName = Project1TapCounter;
			productReference = 5EDB9E251CF4A2CB00C4D43C /* Project1TapCounter.app */;
			productType = "com.apple.product-type.application";
		};
/* End PBXNativeTarget section */

/* Begin PBXProject section */
		5EDB9E1D1CF4A2CB00C4D43C /* Project object */ = {
			isa = PBXProject;
			attributes = {
				LastSwiftUpdateCheck = 0730;
				LastUpgradeCheck = 0730;
				ORGANIZATIONNAME = KaoDragon;
				TargetAttributes = {
					5EDB9E241CF4A2CB00C4D43C = {
						CreatedOnToolsVersion = 7.3;
					};
				};
			};
			buildConfigurationList = 5EDB9E201CF4A2CB00C4D43C /* Build configuration list for PBXProject "Project1TapCounter" */;
			compatibilityVersion = "Xcode 3.2";
			developmentRegion = English;
			hasScannedForEncodings = 0;
			knownRegions = (
				en,
				Base,
			);
			mainGroup = 5EDB9E1C1CF4A2CB00C4D43C;
			productRefGroup = 5EDB9E261CF4A2CB00C4D43C /* Products */;
			projectDirPath = "";
			projectRoot = "";
			targets = (
				5EDB9E241CF4A2CB00C4D43C /* Project1TapCounter */,
			);
		};
/* End PBXProject section */

/* Begin PBXResourcesBuildPhase section */
		5EDB9E231CF4A2CB00C4D43C /* Resources */ = {
			isa = PBXResourcesBuildPhase;
			buildActionMask = 2147483647;
			files = (
				5EDB9E331CF4A2CB00C4D43C /* LaunchScreen.storyboard in Resources */,
				5EDB9E301CF4A2CB00C4D43C /* Assets.xcassets in Resources */,
				5EDB9E2E1CF4A2CB00C4D43C /* Main.storyboard in Resources */,
			);
			runOnlyForDeploymentPostprocessing = 0;
		};
/* End PBXResourcesBuildPhase section */

/* Begin PBXSourcesBuildPhase section */
		5EDB9E211CF4A2CB00C4D43C /* Sources */ = {
			isa = PBXSourcesBuildPhase;
			buildActionMask = 2147483647;
			files = (
				5EDB9E2B1CF4A2CB00C4D43C /* ViewController.swift in Sources */,
				5EDB9E291CF4A2CB00C4D43C /* AppDelegate.swift in Sources */,
			);
			runOnlyForDeploymentPostprocessing = 0;
		};
/* End PBXSourcesBuildPhase section */

/* Begin PBXVariantGroup section */
		5EDB9E2C1CF4A2CB00C4D43C /* Main.storyboard */ = {
			isa = PBXVariantGroup;
			children = (
				5EDB9E2D1CF4A2CB00C4D43C /* Base */,
			);
			name = Main.storyboard;
			sourceTree = "<group>";
		};
		5EDB9E311CF4A2CB00C4D43C /* LaunchScreen.storyboard */ = {
			isa = PBXVariantGroup;
			children = (
				5EDB9E321CF4A2CB00C4D43C /* Base */,
			);
			name = LaunchScreen.storyboard;
			sourceTree = "<group>";
		};
/* End PBXVariantGroup section */

/* Begin XCBuildConfiguration section */
		5EDB9E351CF4A2CB00C4D43C /* Debug */ = {
			isa = XCBuildConfiguration;
			buildSettings = {
				ALWAYS_SEARCH_USER_PATHS = NO;
				CLANG_ANALYZER_NONNULL = YES;
				CLANG_CXX_LANGUAGE_STANDARD = "gnu++0x";
				CLANG_CXX_LIBRARY = "libc++";
				CLANG_ENABLE_MODULES = YES;
				CLANG_ENABLE_OBJC_ARC = YES;
				CLANG_WARN_BOOL_CONVERSION = YES;
				CLANG_WARN_CONSTANT_CONVERSION = YES;
				CLANG_WARN_DIRECT_OBJC_ISA_USAGE = YES_ERROR;
				CLANG_WARN_EMPTY_BODY = YES;
				CLANG_WARN_ENUM_CONVERSION = YES;
				CLANG_WARN_INT_CONVERSION = YES;
				CLANG_WARN_OBJC_ROOT_CLASS = YES_ERROR;
				CLANG_WARN_UNREACHABLE_CODE = YES;
				CLANG_WARN__DUPLICATE_METHOD_MATCH = YES;
				"CODE_SIGN_IDENTITY[sdk=iphoneos*]" = "iPhone Developer";
				COPY_PHASE_STRIP = NO;
				DEBUG_INFORMATION_FORMAT = dwarf;
				ENABLE_STRICT_OBJC_MSGSEND = YES;
				ENABLE_TESTABILITY = YES;
				GCC_C_LANGUAGE_STANDARD = gnu99;
				GCC_DYNAMIC_NO_PIC = NO;
				GCC_NO_COMMON_BLOCKS = YES;
				GCC_OPTIMIZATION_LEVEL = 0;
				GCC_PREPROCESSOR_DEFINITIONS = (
					"DEBUG=1",
					"$(inherited)",
				);
				GCC_WARN_64_TO_32_BIT_CONVERSION = YES;
				GCC_WARN_ABOUT_RETURN_TYPE = YES_ERROR;
				GCC_WARN_UNDECLARED_SELECTOR = YES;
				GCC_WARN_UNINITIALIZED_AUTOS = YES_AGGRESSIVE;
				GCC_WARN_UNUSED_FUNCTION = YES;
				GCC_WARN_UNUSED_VARIABLE = YES;
				IPHONEOS_DEPLOYMENT_TARGET = 9.3;
				MTL_ENABLE_DEBUG_INFO = YES;
				ONLY_ACTIVE_ARCH = YES;
				SDKROOT = iphoneos;
				SWIFT_OPTIMIZATION_LEVEL = "-Onone";
				TARGETED_DEVICE_FAMILY = "1,2";
			};
			name = Debug;
		};
		5EDB9E361CF4A2CB00C4D43C /* Release */ = {
			isa = XCBuildConfiguration;
			buildSettings = {
				ALWAYS_SEARCH_USER_PATHS = NO;
				CLANG_ANALYZER_NONNULL = YES;
				CLANG_CXX_LANGUAGE_STANDARD = "gnu++0x";
				CLANG_CXX_LIBRARY = "libc++";
				CLANG_ENABLE_MODULES = YES;
				CLANG_ENABLE_OBJC_ARC = YES;
				CLANG_WARN_BOOL_CONVERSION = YES;
				CLANG_WARN_CONSTANT_CONVERSION = YES;
				CLANG_WARN_DIRECT_OBJC_ISA_USAGE = YES_ERROR;
				CLANG_WARN_EMPTY_BODY = YES;
				CLANG_WARN_ENUM_CONVERSION = YES;
				CLANG_WARN_INT_CONVERSION = YES;
				CLANG_WARN_OBJC_ROOT_CLASS = YES_ERROR;
				CLANG_WARN_UNREACHABLE_CODE = YES;
				CLANG_WARN__DUPLICATE_METHOD_MATCH = YES;
				"CODE_SIGN_IDENTITY[sdk=iphoneos*]" = "iPhone Developer";
				COPY_PHASE_STRIP = NO;
				DEBUG_INFORMATION_FORMAT = "dwarf-with-dsym";
				ENABLE_NS_ASSERTIONS = NO;
				ENABLE_STRICT_OBJC_MSGSEND = YES;
				GCC_C_LANGUAGE_STANDARD = gnu99;
				GCC_NO_COMMON_BLOCKS = YES;
				GCC_WARN_64_TO_32_BIT_CONVERSION = YES;
				GCC_WARN_ABOUT_RETURN_TYPE = YES_ERROR;
				GCC_WARN_UNDECLARED_SELECTOR = YES;
				GCC_WARN_UNINITIALIZED_AUTOS = YES_AGGRESSIVE;
				GCC_WARN_UNUSED_FUNCTION = YES;
				GCC_WARN_UNUSED_VARIABLE = YES;
				IPHONEOS_DEPLOYMENT_TARGET = 9.3;
				MTL_ENABLE_DEBUG_INFO = NO;
				SDKROOT = iphoneos;
				TARGETED_DEVICE_FAMILY = "1,2";
				VALIDATE_PRODUCT = YES;
			};
			name = Release;
		};
		5EDB9E381CF4A2CB00C4D43C /* Debug */ = {
			isa = XCBuildConfiguration;
			buildSettings = {
				ASSETCATALOG_COMPILER_APPICON_NAME = AppIcon;
				INFOPLIST_FILE = Project1TapCounter/Info.plist;
				LD_RUNPATH_SEARCH_PATHS = "$(inherited) @executable_path/Frameworks";
				PRODUCT_BUNDLE_IDENTIFIER = com.gmail.dkao1222.Project1TapCounter;
				PRODUCT_NAME = "$(TARGET_NAME)";
			};
			name = Debug;
		};
		5EDB9E391CF4A2CB00C4D43C /* Release */ = {
			isa = XCBuildConfiguration;
			buildSettings = {
				ASSETCATALOG_COMPILER_APPICON_NAME = AppIcon;
				INFOPLIST_FILE = Project1TapCounter/Info.plist;
				LD_RUNPATH_SEARCH_PATHS = "$(inherited) @executable_path/Frameworks";
				PRODUCT_BUNDLE_IDENTIFIER = com.gmail.dkao1222.Project1TapCounter;
				PRODUCT_NAME = "$(TARGET_NAME)";
			};
			name = Release;
		};
/* End XCBuildConfiguration section */

/* Begin XCConfigurationList section */
		5EDB9E201CF4A2CB00C4D43C /* Build configuration list for PBXProject "Project1TapCounter" */ = {
			isa = XCConfigurationList;
			buildConfigurations = (
				5EDB9E351CF4A2CB00C4D43C /* Debug */,
				5EDB9E361CF4A2CB00C4D43C /* Release */,
			);
			defaultConfigurationIsVisible = 0;
			defaultConfigurationName = Release;
		};
		5EDB9E371CF4A2CB00C4D43C /* Build configuration list for PBXNativeTarget "Project1TapCounter" */ = {
			isa = XCConfigurationList;
			buildConfigurations = (
				5EDB9E381CF4A2CB00C4D43C /* Debug */,
				5EDB9E391CF4A2CB00C4D43C /* Release */,
			);
			defaultConfigurationIsVisible = 0;
		};
/* End XCConfigurationList section */
	};
	rootObject = 5EDB9E1D1CF4A2CB00C4D43C /* Project object */;
}
